
Microsoft Visual Studio Solution File, Format Version 12.00
# Visual Studio 15
VisualStudioVersion = 15.0.28307.1169
MinimumVisualStudioVersion = 10.0.40219.1
Project("{888888A0-9F3D-457C-B088-3A5042F75D52}") = "simplike", "simplike\simplike.pyproj", "{7D5F83DF-81E7-44CA-8F71-9AD579508125}"
EndProject
Global
	GlobalSection(SolutionConfigurationPlatforms) = preSolution
		Debug|Any CPU = Debug|Any CPU
		Release|Any CPU = Release|Any CPU
	EndGlobalSection
	GlobalSection(ProjectConfigurationPlatforms) = postSolution
		{7D5F83DF-81E7-44CA-8F71-9AD579508125}.Debug|Any CPU.ActiveCfg = Debug|Any CPU
		{7D5F83DF-81E7-44CA-8F71-9AD579508125}.Release|Any CPU.ActiveCfg = Release|Any CPU
	EndGlobalSection
	GlobalSection(SolutionProperties) = preSolution
		HideSolutionNode = FALSE
	EndGlobalSection
	GlobalSection(ExtensibilityGlobals) = postSolution
		SolutionGuid = {F7545392-4BCD-4F1C-8C67-1E38A6259F76}
	EndGlobalSection
EndGlobal
